
Microsoft Visual Studio Solution File, Format Version 12.00
# Visual Studio 15
VisualStudioVersion = 15.0.27703.2000
MinimumVisualStudioVersion = 10.0.40219.1
Project("{F184B08F-C81C-45F6-A57F-5ABD9991F28F}") = "DkimVerify", "DkimVerify.vbproj", "{0C8F383C-A42E-41BF-8E9B-E26D257D7CE6}"
EndProject
Global
	GlobalSection(SolutionConfigurationPlatforms) = preSolution
		Debug|Any CPU = Debug|Any CPU
		Release|Any CPU = Release|Any CPU
	EndGlobalSection
	GlobalSection(ProjectConfigurationPlatforms) = postSolution
		{0C8F383C-A42E-41BF-8E9B-E26D257D7CE6}.Debug|Any CPU.ActiveCfg = Debug|Any CPU
		{0C8F383C-A42E-41BF-8E9B-E26D257D7CE6}.Debug|Any CPU.Build.0 = Debug|Any CPU
		{0C8F383C-A42E-41BF-8E9B-E26D257D7CE6}.Release|Any CPU.ActiveCfg = Release|Any CPU
		{0C8F383C-A42E-41BF-8E9B-E26D257D7CE6}.Release|Any CPU.Build.0 = Release|Any CPU
	EndGlobalSection
	GlobalSection(SolutionProperties) = preSolution
		HideSolutionNode = FALSE
	EndGlobalSection
	GlobalSection(ExtensibilityGlobals) = postSolution
		SolutionGuid = {F984DB38-4304-42A1-8B73-42CD726182A2}
	EndGlobalSection
EndGlobal
