
Microsoft Visual Studio Solution File, Format Version 11.00
# Visual Studio 2010
Project("{E24C65DC-7377-472B-9ABA-BC803B73C61A}") = "asp.net", ".", "{AC441D55-49CD-47A3-8FB1-40E4BCFFA3E9}"
	ProjectSection(WebsiteProperties) = preProject
		TargetFrameworkMoniker = ".NETFramework,Version%3Dv4.0"
		Debug.AspNetCompiler.VirtualPath = "/asp.net"
		Debug.AspNetCompiler.PhysicalPath = "..\asp.net\"
		Debug.AspNetCompiler.TargetPath = "PrecompiledWeb\asp.net\"
		Debug.AspNetCompiler.Updateable = "true"
		Debug.AspNetCompiler.ForceOverwrite = "true"
		Debug.AspNetCompiler.FixedNames = "false"
		Debug.AspNetCompiler.Debug = "True"
		Release.AspNetCompiler.VirtualPath = "/asp.net"
		Release.AspNetCompiler.PhysicalPath = "..\asp.net\"
		Release.AspNetCompiler.TargetPath = "PrecompiledWeb\asp.net\"
		Release.AspNetCompiler.Updateable = "true"
		Release.AspNetCompiler.ForceOverwrite = "true"
		Release.AspNetCompiler.FixedNames = "false"
		Release.AspNetCompiler.Debug = "False"
		VWDPort = "49431"
		DefaultWebSiteLanguage = "Visual C#"
	EndProjectSection
EndProject
Global
	GlobalSection(SolutionConfigurationPlatforms) = preSolution
		Debug|Any CPU = Debug|Any CPU
	EndGlobalSection
	GlobalSection(ProjectConfigurationPlatforms) = postSolution
		{AC441D55-49CD-47A3-8FB1-40E4BCFFA3E9}.Debug|Any CPU.ActiveCfg = Debug|Any CPU
		{AC441D55-49CD-47A3-8FB1-40E4BCFFA3E9}.Debug|Any CPU.Build.0 = Debug|Any CPU
	EndGlobalSection
	GlobalSection(SolutionProperties) = preSolution
		HideSolutionNode = FALSE
	EndGlobalSection
EndGlobal
