
Microsoft Visual Studio Solution File, Format Version 11.00
# Visual Studio 2010
Project("{FAE04EC0-301F-11D3-BF4B-00C04F79EFBC}") = "SFTPClient", "SFTPClient.csproj", "{B3B80652-52A2-48A6-B653-167BD7300A27}"
EndProject
Global
	GlobalSection(SolutionConfigurationPlatforms) = preSolution
		Debug|Any CPU = Debug|Any CPU
		Release|Any CPU = Release|Any CPU
	EndGlobalSection
	GlobalSection(ProjectConfigurationPlatforms) = postSolution
		{B3B80652-52A2-48A6-B653-167BD7300A27}.Debug|Any CPU.ActiveCfg = Debug|Any CPU
		{B3B80652-52A2-48A6-B653-167BD7300A27}.Debug|Any CPU.Build.0 = Debug|Any CPU
		{B3B80652-52A2-48A6-B653-167BD7300A27}.Release|Any CPU.ActiveCfg = Release|Any CPU
		{B3B80652-52A2-48A6-B653-167BD7300A27}.Release|Any CPU.Build.0 = Release|Any CPU
	EndGlobalSection
	GlobalSection(SolutionProperties) = preSolution
		HideSolutionNode = FALSE
	EndGlobalSection
EndGlobal
