
Microsoft Visual Studio Solution File, Format Version 11.00
# Visual Studio 2010
Project("{F184B08F-C81C-45F6-A57F-5ABD9991F28F}") = "FtpClient", "FtpClient.vbproj", "{2831EB58-32FA-4109-9C9D-9B8218A8CD00}"
EndProject
Global
	GlobalSection(SolutionConfigurationPlatforms) = preSolution
		Debug|Any CPU = Debug|Any CPU
		Release|Any CPU = Release|Any CPU
	EndGlobalSection
	GlobalSection(ProjectConfigurationPlatforms) = postSolution
		{2831EB58-32FA-4109-9C9D-9B8218A8CD00}.Debug|Any CPU.ActiveCfg = Debug|Any CPU
		{2831EB58-32FA-4109-9C9D-9B8218A8CD00}.Debug|Any CPU.Build.0 = Debug|Any CPU
		{2831EB58-32FA-4109-9C9D-9B8218A8CD00}.Release|Any CPU.ActiveCfg = Release|Any CPU
		{2831EB58-32FA-4109-9C9D-9B8218A8CD00}.Release|Any CPU.Build.0 = Release|Any CPU
	EndGlobalSection
	GlobalSection(SolutionProperties) = preSolution
		HideSolutionNode = FALSE
	EndGlobalSection
EndGlobal
