
Microsoft Visual Studio Solution File, Format Version 11.00
# Visual Studio 2010
Project("{FAE04EC0-301F-11D3-BF4B-00C04F79EFBC}") = "SmtpServer", "SmtpServer.csproj", "{09BC5A14-5190-4120-9400-F25467265299}"
EndProject
Global
	GlobalSection(SolutionConfigurationPlatforms) = preSolution
		Debug|Any CPU = Debug|Any CPU
		Release|Any CPU = Release|Any CPU
	EndGlobalSection
	GlobalSection(ProjectConfigurationPlatforms) = postSolution
		{09BC5A14-5190-4120-9400-F25467265299}.Debug|Any CPU.ActiveCfg = Debug|Any CPU
		{09BC5A14-5190-4120-9400-F25467265299}.Debug|Any CPU.Build.0 = Debug|Any CPU
		{09BC5A14-5190-4120-9400-F25467265299}.Release|Any CPU.ActiveCfg = Release|Any CPU
		{09BC5A14-5190-4120-9400-F25467265299}.Release|Any CPU.Build.0 = Release|Any CPU
	EndGlobalSection
	GlobalSection(SolutionProperties) = preSolution
		HideSolutionNode = FALSE
	EndGlobalSection
EndGlobal
