
Microsoft Visual Studio Solution File, Format Version 11.00
# Visual Studio 2010
Project("{FAE04EC0-301F-11D3-BF4B-00C04F79EFBC}") = "MSExchange", "MSExchange.csproj", "{6A642E6C-C725-4E2B-B51D-1E549D51FDE8}"
EndProject
Global
	GlobalSection(SolutionConfigurationPlatforms) = preSolution
		Debug|Any CPU = Debug|Any CPU
		Release|Any CPU = Release|Any CPU
	EndGlobalSection
	GlobalSection(ProjectConfigurationPlatforms) = postSolution
		{6A642E6C-C725-4E2B-B51D-1E549D51FDE8}.Debug|Any CPU.ActiveCfg = Debug|Any CPU
		{6A642E6C-C725-4E2B-B51D-1E549D51FDE8}.Debug|Any CPU.Build.0 = Debug|Any CPU
		{6A642E6C-C725-4E2B-B51D-1E549D51FDE8}.Release|Any CPU.ActiveCfg = Release|Any CPU
		{6A642E6C-C725-4E2B-B51D-1E549D51FDE8}.Release|Any CPU.Build.0 = Release|Any CPU
	EndGlobalSection
	GlobalSection(SolutionProperties) = preSolution
		HideSolutionNode = FALSE
	EndGlobalSection
EndGlobal
