
Microsoft Visual Studio Solution File, Format Version 11.00
# Visual Studio 2010
Project("{FAE04EC0-301F-11D3-BF4B-00C04F79EFBC}") = "ImapServerSSL", "ImapServerSSL.csproj", "{482C34F6-565A-417F-9AAA-2B5D70BD8A7C}"
EndProject
Global
	GlobalSection(SolutionConfigurationPlatforms) = preSolution
		Debug|Any CPU = Debug|Any CPU
		Release|Any CPU = Release|Any CPU
	EndGlobalSection
	GlobalSection(ProjectConfigurationPlatforms) = postSolution
		{482C34F6-565A-417F-9AAA-2B5D70BD8A7C}.Debug|Any CPU.ActiveCfg = Debug|Any CPU
		{482C34F6-565A-417F-9AAA-2B5D70BD8A7C}.Debug|Any CPU.Build.0 = Debug|Any CPU
		{482C34F6-565A-417F-9AAA-2B5D70BD8A7C}.Release|Any CPU.ActiveCfg = Release|Any CPU
		{482C34F6-565A-417F-9AAA-2B5D70BD8A7C}.Release|Any CPU.Build.0 = Release|Any CPU
	EndGlobalSection
	GlobalSection(SolutionProperties) = preSolution
		HideSolutionNode = FALSE
	EndGlobalSection
EndGlobal
