
Microsoft Visual Studio Solution File, Format Version 11.00
# Visual Studio 2010
Project("{F184B08F-C81C-45F6-A57F-5ABD9991F28F}") = "AsyncClient", "AsyncClient.vbproj", "{697C7A18-116A-4E68-9D04-9B7352183409}"
EndProject
Global
	GlobalSection(SolutionConfigurationPlatforms) = preSolution
		Debug|x86 = Debug|x86
		Release|x86 = Release|x86
	EndGlobalSection
	GlobalSection(ProjectConfigurationPlatforms) = postSolution
		{697C7A18-116A-4E68-9D04-9B7352183409}.Debug|x86.ActiveCfg = Debug|x86
		{697C7A18-116A-4E68-9D04-9B7352183409}.Debug|x86.Build.0 = Debug|x86
		{697C7A18-116A-4E68-9D04-9B7352183409}.Release|x86.ActiveCfg = Release|x86
		{697C7A18-116A-4E68-9D04-9B7352183409}.Release|x86.Build.0 = Release|x86
	EndGlobalSection
	GlobalSection(SolutionProperties) = preSolution
		HideSolutionNode = FALSE
	EndGlobalSection
EndGlobal
