
Microsoft Visual Studio Solution File, Format Version 11.00
# Visual Studio 2010
Project("{FAE04EC0-301F-11D3-BF4B-00C04F79EFBC}") = "MailProgress", "MailProgress.csproj", "{89B0043A-7C43-4B8F-A3A5-4B9509F0A3EA}"
EndProject
Global
	GlobalSection(SolutionConfigurationPlatforms) = preSolution
		Debug|Any CPU = Debug|Any CPU
		Release|Any CPU = Release|Any CPU
	EndGlobalSection
	GlobalSection(ProjectConfigurationPlatforms) = postSolution
		{89B0043A-7C43-4B8F-A3A5-4B9509F0A3EA}.Debug|Any CPU.ActiveCfg = Debug|Any CPU
		{89B0043A-7C43-4B8F-A3A5-4B9509F0A3EA}.Debug|Any CPU.Build.0 = Debug|Any CPU
		{89B0043A-7C43-4B8F-A3A5-4B9509F0A3EA}.Release|Any CPU.ActiveCfg = Release|Any CPU
		{89B0043A-7C43-4B8F-A3A5-4B9509F0A3EA}.Release|Any CPU.Build.0 = Release|Any CPU
	EndGlobalSection
	GlobalSection(SolutionProperties) = preSolution
		HideSolutionNode = FALSE
	EndGlobalSection
EndGlobal
