
Microsoft Visual Studio Solution File, Format Version 11.00
# Visual Studio 2010
Project("{FAE04EC0-301F-11D3-BF4B-00C04F79EFBC}") = "FtpServer", "FtpServer.csproj", "{741DFF38-C6B1-499A-A0DC-0FC0B3185555}"
EndProject
Global
	GlobalSection(SolutionConfigurationPlatforms) = preSolution
		Debug|Any CPU = Debug|Any CPU
		Release|Any CPU = Release|Any CPU
	EndGlobalSection
	GlobalSection(ProjectConfigurationPlatforms) = postSolution
		{741DFF38-C6B1-499A-A0DC-0FC0B3185555}.Debug|Any CPU.ActiveCfg = Debug|Any CPU
		{741DFF38-C6B1-499A-A0DC-0FC0B3185555}.Debug|Any CPU.Build.0 = Debug|Any CPU
		{741DFF38-C6B1-499A-A0DC-0FC0B3185555}.Release|Any CPU.ActiveCfg = Release|Any CPU
		{741DFF38-C6B1-499A-A0DC-0FC0B3185555}.Release|Any CPU.Build.0 = Release|Any CPU
	EndGlobalSection
	GlobalSection(SolutionProperties) = preSolution
		HideSolutionNode = FALSE
	EndGlobalSection
EndGlobal
